
Microsoft Visual Studio Solution File, Format Version 12.00
# Visual Studio Version 16
VisualStudioVersion = 16.0.30011.22
MinimumVisualStudioVersion = 10.0.40219.1
Project("{FAE04EC0-301F-11D3-BF4B-00C04F79EFBC}") = "FTPCargaArchivos", "FTPCargaArchivos\FTPCargaArchivos.csproj", "{06838FE7-0864-4924-B97D-0B757E0A4F77}"
EndProject
Global
	GlobalSection(SolutionConfigurationPlatforms) = preSolution
		Debug|Any CPU = Debug|Any CPU
		Release|Any CPU = Release|Any CPU
	EndGlobalSection
	GlobalSection(ProjectConfigurationPlatforms) = postSolution
		{06838FE7-0864-4924-B97D-0B757E0A4F77}.Debug|Any CPU.ActiveCfg = Debug|Any CPU
		{06838FE7-0864-4924-B97D-0B757E0A4F77}.Debug|Any CPU.Build.0 = Debug|Any CPU
		{06838FE7-0864-4924-B97D-0B757E0A4F77}.Release|Any CPU.ActiveCfg = Release|Any CPU
		{06838FE7-0864-4924-B97D-0B757E0A4F77}.Release|Any CPU.Build.0 = Release|Any CPU
	EndGlobalSection
	GlobalSection(SolutionProperties) = preSolution
		HideSolutionNode = FALSE
	EndGlobalSection
	GlobalSection(ExtensibilityGlobals) = postSolution
		SolutionGuid = {09FD2603-0E0E-456E-AC72-E324B3BDE4F8}
	EndGlobalSection
EndGlobal
